
Microsoft Visual Studio Solution File, Format Version 12.00
# Visual Studio Version 17
VisualStudioVersion = 17.8.34309.116
MinimumVisualStudioVersion = 10.0.40219.1
Project("{FAE04EC0-301F-11D3-BF4B-00C04F79EFBC}") = "Prosjekt Kaffe Bestilling", "Prosjekt Kaffe Bestilling\Prosjekt Kaffe Bestilling.csproj", "{BA61C8F7-4182-4BBD-A04D-82647E36FE5D}"
EndProject
Global
	GlobalSection(SolutionConfigurationPlatforms) = preSolution
		Debug|Any CPU = Debug|Any CPU
		Release|Any CPU = Release|Any CPU
	EndGlobalSection
	GlobalSection(ProjectConfigurationPlatforms) = postSolution
		{BA61C8F7-4182-4BBD-A04D-82647E36FE5D}.Debug|Any CPU.ActiveCfg = Debug|Any CPU
		{BA61C8F7-4182-4BBD-A04D-82647E36FE5D}.Debug|Any CPU.Build.0 = Debug|Any CPU
		{BA61C8F7-4182-4BBD-A04D-82647E36FE5D}.Release|Any CPU.ActiveCfg = Release|Any CPU
		{BA61C8F7-4182-4BBD-A04D-82647E36FE5D}.Release|Any CPU.Build.0 = Release|Any CPU
	EndGlobalSection
	GlobalSection(SolutionProperties) = preSolution
		HideSolutionNode = FALSE
	EndGlobalSection
	GlobalSection(ExtensibilityGlobals) = postSolution
		SolutionGuid = {7491CC30-2ADC-4123-A4A6-D49FF668E430}
	EndGlobalSection
EndGlobal
